// !$*UTF8*$!
{
	archiveVersion = 1;
	classes = {
	};
	objectVersion = 51;
	objects = {

/* Begin PBXBuildFile section */
		28C5673A219C47710015E3C4 /* AppDelegate.swift in Sources */ = {isa = PBXBuildFile; fileRef = 28C56739219C47710015E3C4 /* AppDelegate.swift */; };
		28C5673C219C47710015E3C4 /* ViewController.swift in Sources */ = {isa = PBXBuildFile; fileRef = 28C5673B219C47710015E3C4 /* ViewController.swift */; };
		28C5673F219C47710015E3C4 /* Main.storyboard in Resources */ = {isa = PBXBuildFile; fileRef = 28C5673D219C47710015E3C4 /* Main.storyboard */; };
		28C56741219C47820015E3C4 /* Assets.xcassets in Resources */ = {isa = PBXBuildFile; fileRef = 28C56740219C47820015E3C4 /* Assets.xcassets */; };
		28C56744219C47820015E3C4 /* LaunchScreen.storyboard in Resources */ = {isa = PBXBuildFile; fileRef = 28C56742219C47820015E3C4 /* LaunchScreen.storyboard */; };
		3BBC866C1642254E3387776B /* Pods_ConstraintMultiplier.framework in Frameworks */ = {isa = PBXBuildFile; fileRef = 2B790202FFA2A1E6E59CB180 /* Pods_ConstraintMultiplier.framework */; };
/* End PBXBuildFile section */

/* Begin PBXFileReference section */
		28C56736219C47710015E3C4 /* ConstraintMultiplier.app */ = {isa = PBXFileReference; explicitFileType = wrapper.application; includeInIndex = 0; path = ConstraintMultiplier.app; sourceTree = BUILT_PRODUCTS_DIR; };
		28C56739219C47710015E3C4 /* AppDelegate.swift */ = {isa = PBXFileReference; lastKnownFileType = sourcecode.swift; path = AppDelegate.swift; sourceTree = "<group>"; };
		28C5673B219C47710015E3C4 /* ViewController.swift */ = {isa = PBXFileReference; lastKnownFileType = sourcecode.swift; path = ViewController.swift; sourceTree = "<group>"; };
		28C5673E219C47710015E3C4 /* Base */ = {isa = PBXFileReference; lastKnownFileType = file.storyboard; name = Base; path = Base.lproj/Main.storyboard; sourceTree = "<group>"; };
		28C56740219C47820015E3C4 /* Assets.xcassets */ = {isa = PBXFileReference; lastKnownFileType = folder.assetcatalog; path = Assets.xcassets; sourceTree = "<group>"; };
		28C56743219C47820015E3C4 /* Base */ = {isa = PBXFileReference; lastKnownFileType = file.storyboard; name = Base; path = Base.lproj/LaunchScreen.storyboard; sourceTree = "<group>"; };
		28C56745219C47820015E3C4 /* Info.plist */ = {isa = PBXFileReference; lastKnownFileType = text.plist.xml; path = Info.plist; sourceTree = "<group>"; };
		2B790202FFA2A1E6E59CB180 /* Pods_ConstraintMultiplier.framework */ = {isa = PBXFileReference; explicitFileType = wrapper.framework; includeInIndex = 0; path = Pods_ConstraintMultiplier.framework; sourceTree = BUILT_PRODUCTS_DIR; };
		AD35F3D31C99E4A9171281D0 /* Pods-ConstraintMultiplier.release.xcconfig */ = {isa = PBXFileReference; includeInIndex = 1; lastKnownFileType = text.xcconfig; name = "Pods-ConstraintMultiplier.release.xcconfig"; path = "Pods/Target Support Files/Pods-ConstraintMultiplier/Pods-ConstraintMultiplier.release.xcconfig"; sourceTree = "<group>"; };
		DB1AD7E09EB17411CC47E3B8 /* Pods-ConstraintMultiplier.debug.xcconfig */ = {isa = PBXFileReference; includeInIndex = 1; lastKnownFileType = text.xcconfig; name = "Pods-ConstraintMultiplier.debug.xcconfig"; path = "Pods/Target Support Files/Pods-ConstraintMultiplier/Pods-ConstraintMultiplier.debug.xcconfig"; sourceTree = "<group>"; };
/* End PBXFileReference section */

/* Begin PBXFrameworksBuildPhase section */
		28C56733219C47710015E3C4 /* Frameworks */ = {
			isa = PBXFrameworksBuildPhase;
			buildActionMask = 2147483647;
			files = (
				3BBC866C1642254E3387776B /* Pods_ConstraintMultiplier.framework in Frameworks */,
			);
			runOnlyForDeploymentPostprocessing = 0;
		};
/* End PBXFrameworksBuildPhase section */

/* Begin PBXGroup section */
		28C5672D219C47710015E3C4 = {
			isa = PBXGroup;
			children = (
				28C56738219C47710015E3C4 /* ConstraintMultiplier */,
				28C56737219C47710015E3C4 /* Products */,
				6FB62CC1CFD0EECADC5ECB6D /* Pods */,
				CDE4BCDA1A5D879552621DE4 /* Frameworks */,
			);
			sourceTree = "<group>";
		};
		28C56737219C47710015E3C4 /* Products */ = {
			isa = PBXGroup;
			children = (
				28C56736219C47710015E3C4 /* ConstraintMultiplier.app */,
			);
			name = Products;
			sourceTree = "<group>";
		};
		28C56738219C47710015E3C4 /* ConstraintMultiplier */ = {
			isa = PBXGroup;
			children = (
				28C56739219C47710015E3C4 /* AppDelegate.swift */,
				28C5673B219C47710015E3C4 /* ViewController.swift */,
				28C5673D219C47710015E3C4 /* Main.storyboard */,
				28C56740219C47820015E3C4 /* Assets.xcassets */,
				28C56742219C47820015E3C4 /* LaunchScreen.storyboard */,
				28C56745219C47820015E3C4 /* Info.plist */,
			);
			path = ConstraintMultiplier;
			sourceTree = "<group>";
		};
		6FB62CC1CFD0EECADC5ECB6D /* Pods */ = {
			isa = PBXGroup;
			children = (
				DB1AD7E09EB17411CC47E3B8 /* Pods-ConstraintMultiplier.debug.xcconfig */,
				AD35F3D31C99E4A9171281D0 /* Pods-ConstraintMultiplier.release.xcconfig */,
			);
			name = Pods;
			sourceTree = "<group>";
		};
		CDE4BCDA1A5D879552621DE4 /* Frameworks */ = {
			isa = PBXGroup;
			children = (
				2B790202FFA2A1E6E59CB180 /* Pods_ConstraintMultiplier.framework */,
			);
			name = Frameworks;
			sourceTree = "<group>";
		};
/* End PBXGroup section */

/* Begin PBXNativeTarget section */
		28C56735219C47710015E3C4 /* ConstraintMultiplier */ = {
			isa = PBXNativeTarget;
			buildConfigurationList = 28C56748219C47820015E3C4 /* Build configuration list for PBXNativeTarget "ConstraintMultiplier" */;
			buildPhases = (
				CB9B2F8AC32A7DDA9A3B495C /* [CP] Check Pods Manifest.lock */,
				28C56732219C47710015E3C4 /* Sources */,
				28C56733219C47710015E3C4 /* Frameworks */,
				28C56734219C47710015E3C4 /* Resources */,
				373AC4C6D9810E6F0489C3FC /* [CP] Embed Pods Frameworks */,
			);
			buildRules = (
			);
			dependencies = (
			);
			name = ConstraintMultiplier;
			productName = ConstraintMultiplier;
			productReference = 28C56736219C47710015E3C4 /* ConstraintMultiplier.app */;
			productType = "com.apple.product-type.application";
		};
/* End PBXNativeTarget section */

/* Begin PBXProject section */
		28C5672E219C47710015E3C4 /* Project object */ = {
			isa = PBXProject;
			attributes = {
				LastSwiftUpdateCheck = 0940;
				LastUpgradeCheck = 0940;
				ORGANIZATIONNAME = pradhyuman;
				TargetAttributes = {
					28C56735219C47710015E3C4 = {
						CreatedOnToolsVersion = 9.4.1;
					};
				};
			};
			buildConfigurationList = 28C56731219C47710015E3C4 /* Build configuration list for PBXProject "ConstraintMultiplier" */;
			compatibilityVersion = "Xcode 10.0";
			developmentRegion = en;
			hasScannedForEncodings = 0;
			knownRegions = (
				en,
				Base,
			);
			mainGroup = 28C5672D219C47710015E3C4;
			productRefGroup = 28C56737219C47710015E3C4 /* Products */;
			projectDirPath = "";
			projectRoot = "";
			targets = (
				28C56735219C47710015E3C4 /* ConstraintMultiplier */,
			);
		};
/* End PBXProject section */

/* Begin PBXResourcesBuildPhase section */
		28C56734219C47710015E3C4 /* Resources */ = {
			isa = PBXResourcesBuildPhase;
			buildActionMask = 2147483647;
			files = (
				28C56744219C47820015E3C4 /* LaunchScreen.storyboard in Resources */,
				28C56741219C47820015E3C4 /* Assets.xcassets in Resources */,
				28C5673F219C47710015E3C4 /* Main.storyboard in Resources */,
			);
			runOnlyForDeploymentPostprocessing = 0;
		};
/* End PBXResourcesBuildPhase section */

/* Begin PBXShellScriptBuildPhase section */
		373AC4C6D9810E6F0489C3FC /* [CP] Embed Pods Frameworks */ = {
			isa = PBXShellScriptBuildPhase;
			buildActionMask = 2147483647;
			files = (
			);
			inputFileListPaths = (
			);
			inputPaths = (
				"${SRCROOT}/Pods/Target Support Files/Pods-ConstraintMultiplier/Pods-ConstraintMultiplier-frameworks.sh",
				"${BUILT_PRODUCTS_DIR}/IQKeyboardManager/IQKeyboardManager.framework",
			);
			name = "[CP] Embed Pods Frameworks";
			outputFileListPaths = (
			);
			outputPaths = (
				"${TARGET_BUILD_DIR}/${FRAMEWORKS_FOLDER_PATH}/IQKeyboardManager.framework",
			);
			runOnlyForDeploymentPostprocessing = 0;
			shellPath = /bin/sh;
			shellScript = "\"${SRCROOT}/Pods/Target Support Files/Pods-ConstraintMultiplier/Pods-ConstraintMultiplier-frameworks.sh\"\n";
			showEnvVarsInLog = 0;
		};
		CB9B2F8AC32A7DDA9A3B495C /* [CP] Check Pods Manifest.lock */ = {
			isa = PBXShellScriptBuildPhase;
			buildActionMask = 2147483647;
			files = (
			);
			inputFileListPaths = (
			);
			inputPaths = (
				"${PODS_PODFILE_DIR_PATH}/Podfile.lock",
				"${PODS_ROOT}/Manifest.lock",
			);
			name = "[CP] Check Pods Manifest.lock";
			outputFileListPaths = (
			);
			outputPaths = (
				"$(DERIVED_FILE_DIR)/Pods-ConstraintMultiplier-checkManifestLockResult.txt",
			);
			runOnlyForDeploymentPostprocessing = 0;
			shellPath = /bin/sh;
			shellScript = "diff \"${PODS_PODFILE_DIR_PATH}/Podfile.lock\" \"${PODS_ROOT}/Manifest.lock\" > /dev/null\nif [ $? != 0 ] ; then\n    # print error to STDERR\n    echo \"error: The sandbox is not in sync with the Podfile.lock. Run 'pod install' or update your CocoaPods installation.\" >&2\n    exit 1\nfi\n# This output is used by Xcode 'outputs' to avoid re-running this script phase.\necho \"SUCCESS\" > \"${SCRIPT_OUTPUT_FILE_0}\"\n";
			showEnvVarsInLog = 0;
		};
/* End PBXShellScriptBuildPhase section */

/* Begin PBXSourcesBuildPhase section */
		28C56732219C47710015E3C4 /* Sources */ = {
			isa = PBXSourcesBuildPhase;
			buildActionMask = 2147483647;
			files = (
				28C5673C219C47710015E3C4 /* ViewController.swift in Sources */,
				28C5673A219C47710015E3C4 /* AppDelegate.swift in Sources */,
			);
			runOnlyForDeploymentPostprocessing = 0;
		};
/* End PBXSourcesBuildPhase section */

/* Begin PBXVariantGroup section */
		28C5673D219C47710015E3C4 /* Main.storyboard */ = {
			isa = PBXVariantGroup;
			children = (
				28C5673E219C47710015E3C4 /* Base */,
			);
			name = Main.storyboard;
			sourceTree = "<group>";
		};
		28C56742219C47820015E3C4 /* LaunchScreen.storyboard */ = {
			isa = PBXVariantGroup;
			children = (
				28C56743219C47820015E3C4 /* Base */,
			);
			name = LaunchScreen.storyboard;
			sourceTree = "<group>";
		};
/* End PBXVariantGroup section */

/* Begin XCBuildConfiguration section */
		28C56746219C47820015E3C4 /* Debug */ = {
			isa = XCBuildConfiguration;
			buildSettings = {
				ALWAYS_SEARCH_USER_PATHS = NO;
				CLANG_ANALYZER_NONNULL = YES;
				CLANG_ANALYZER_NUMBER_OBJECT_CONVERSION = YES_AGGRESSIVE;
				CLANG_CXX_LANGUAGE_STANDARD = "gnu++14";
				CLANG_CXX_LIBRARY = "libc++";
				CLANG_ENABLE_MODULES = YES;
				CLANG_ENABLE_OBJC_ARC = YES;
				CLANG_ENABLE_OBJC_WEAK = YES;
				CLANG_WARN_BLOCK_CAPTURE_AUTORELEASING = YES;
				CLANG_WARN_BOOL_CONVERSION = YES;
				CLANG_WARN_COMMA = YES;
				CLANG_WARN_CONSTANT_CONVERSION = YES;
				CLANG_WARN_DEPRECATED_OBJC_IMPLEMENTATIONS = YES;
				CLANG_WARN_DIRECT_OBJC_ISA_USAGE = YES_ERROR;
				CLANG_WARN_DOCUMENTATION_COMMENTS = YES;
				CLANG_WARN_EMPTY_BODY = YES;
				CLANG_WARN_ENUM_CONVERSION = YES;
				CLANG_WARN_INFINITE_RECURSION = YES;
				CLANG_WARN_INT_CONVERSION = YES;
				CLANG_WARN_NON_LITERAL_NULL_CONVERSION = YES;
				CLANG_WARN_OBJC_IMPLICIT_RETAIN_SELF = YES;
				CLANG_WARN_OBJC_LITERAL_CONVERSION = YES;
				CLANG_WARN_OBJC_ROOT_CLASS = YES_ERROR;
				CLANG_WARN_RANGE_LOOP_ANALYSIS = YES;
				CLANG_WARN_STRICT_PROTOTYPES = YES;
				CLANG_WARN_SUSPICIOUS_MOVE = YES;
				CLANG_WARN_UNGUARDED_AVAILABILITY = YES_AGGRESSIVE;
				CLANG_WARN_UNREACHABLE_CODE = YES;
				CLANG_WARN__DUPLICATE_METHOD_MATCH = YES;
				CODE_SIGN_IDENTITY = "iPhone Developer";
				CODE_SIGN_STYLE = Automatic;
				COPY_PHASE_STRIP = NO;
				DEBUG_INFORMATION_FORMAT = dwarf;
				DEVELOPMENT_TEAM = 59VT5UYZ82;
				ENABLE_STRICT_OBJC_MSGSEND = YES;
				ENABLE_TESTABILITY = YES;
				GCC_C_LANGUAGE_STANDARD = gnu11;
				GCC_DYNAMIC_NO_PIC = NO;
				GCC_NO_COMMON_BLOCKS = YES;
				GCC_OPTIMIZATION_LEVEL = 0;
				GCC_PREPROCESSOR_DEFINITIONS = (
					"DEBUG=1",
					"$(inherited)",
				);
				GCC_WARN_64_TO_32_BIT_CONVERSION = YES;
				GCC_WARN_ABOUT_RETURN_TYPE = YES_ERROR;
				GCC_WARN_UNDECLARED_SELECTOR = YES;
				GCC_WARN_UNINITIALIZED_AUTOS = YES_AGGRESSIVE;
				GCC_WARN_UNUSED_FUNCTION = YES;
				GCC_WARN_UNUSED_VARIABLE = YES;
				IPHONEOS_DEPLOYMENT_TARGET = 11.0;
				MTL_ENABLE_DEBUG_INFO = YES;
				ONLY_ACTIVE_ARCH = YES;
				PROVISIONING_PROFILE_SPECIFIER = "";
				SDKROOT = iphoneos;
				SWIFT_ACTIVE_COMPILATION_CONDITIONS = DEBUG;
				SWIFT_OPTIMIZATION_LEVEL = "-Onone";
			};
			name = Debug;
		};
		28C56747219C47820015E3C4 /* Release */ = {
			isa = XCBuildConfiguration;
			buildSettings = {
				ALWAYS_SEARCH_USER_PATHS = NO;
				CLANG_ANALYZER_NONNULL = YES;
				CLANG_ANALYZER_NUMBER_OBJECT_CONVERSION = YES_AGGRESSIVE;
				CLANG_CXX_LANGUAGE_STANDARD = "gnu++14";
				CLANG_CXX_LIBRARY = "libc++";
				CLANG_ENABLE_MODULES = YES;
				CLANG_ENABLE_OBJC_ARC = YES;
				CLANG_ENABLE_OBJC_WEAK = YES;
				CLANG_WARN_BLOCK_CAPTURE_AUTORELEASING = YES;
				CLANG_WARN_BOOL_CONVERSION = YES;
				CLANG_WARN_COMMA = YES;
				CLANG_WARN_CONSTANT_CONVERSION = YES;
				CLANG_WARN_DEPRECATED_OBJC_IMPLEMENTATIONS = YES;
				CLANG_WARN_DIRECT_OBJC_ISA_USAGE = YES_ERROR;
				CLANG_WARN_DOCUMENTATION_COMMENTS = YES;
				CLANG_WARN_EMPTY_BODY = YES;
				CLANG_WARN_ENUM_CONVERSION = YES;
				CLANG_WARN_INFINITE_RECURSION = YES;
				CLANG_WARN_INT_CONVERSION = YES;
				CLANG_WARN_NON_LITERAL_NULL_CONVERSION = YES;
				CLANG_WARN_OBJC_IMPLICIT_RETAIN_SELF = YES;
				CLANG_WARN_OBJC_LITERAL_CONVERSION = YES;
				CLANG_WARN_OBJC_ROOT_CLASS = YES_ERROR;
				CLANG_WARN_RANGE_LOOP_ANALYSIS = YES;
				CLANG_WARN_STRICT_PROTOTYPES = YES;
				CLANG_WARN_SUSPICIOUS_MOVE = YES;
				CLANG_WARN_UNGUARDED_AVAILABILITY = YES_AGGRESSIVE;
				CLANG_WARN_UNREACHABLE_CODE = YES;
				CLANG_WARN__DUPLICATE_METHOD_MATCH = YES;
				CODE_SIGN_IDENTITY = "iPhone Developer";
				CODE_SIGN_STYLE = Automatic;
				COPY_PHASE_STRIP = NO;
				DEBUG_INFORMATION_FORMAT = "dwarf-with-dsym";
				DEVELOPMENT_TEAM = 59VT5UYZ82;
				ENABLE_NS_ASSERTIONS = NO;
				ENABLE_STRICT_OBJC_MSGSEND = YES;
				GCC_C_LANGUAGE_STANDARD = gnu11;
				GCC_NO_COMMON_BLOCKS = YES;
				GCC_WARN_64_TO_32_BIT_CONVERSION = YES;
				GCC_WARN_ABOUT_RETURN_TYPE = YES_ERROR;
				GCC_WARN_UNDECLARED_SELECTOR = YES;
				GCC_WARN_UNINITIALIZED_AUTOS = YES_AGGRESSIVE;
				GCC_WARN_UNUSED_FUNCTION = YES;
				GCC_WARN_UNUSED_VARIABLE = YES;
				IPHONEOS_DEPLOYMENT_TARGET = 11.0;
				MTL_ENABLE_DEBUG_INFO = NO;
				PROVISIONING_PROFILE_SPECIFIER = "";
				SDKROOT = iphoneos;
				SWIFT_COMPILATION_MODE = wholemodule;
				SWIFT_OPTIMIZATION_LEVEL = "-O";
				VALIDATE_PRODUCT = YES;
			};
			name = Release;
		};
		28C56749219C47820015E3C4 /* Debug */ = {
			isa = XCBuildConfiguration;
			baseConfigurationReference = DB1AD7E09EB17411CC47E3B8 /* Pods-ConstraintMultiplier.debug.xcconfig */;
			buildSettings = {
				ASSETCATALOG_COMPILER_APPICON_NAME = AppIcon;
				CODE_SIGN_IDENTITY = "iPhone Distribution";
				CODE_SIGN_STYLE = Manual;
				DEVELOPMENT_TEAM = GWX9XCPYYK;
				INFOPLIST_FILE = ConstraintMultiplier/Info.plist;
				IPHONEOS_DEPLOYMENT_TARGET = 10.0;
				LD_RUNPATH_SEARCH_PATHS = (
					"$(inherited)",
					"@executable_path/Frameworks",
				);
				PRODUCT_BUNDLE_IDENTIFIER = com.kcspl.poc;
				PRODUCT_NAME = "$(TARGET_NAME)";
				PROVISIONING_PROFILE_SPECIFIER = "CICDDemo-appstore";
				SWIFT_VERSION = 4.0;
				TARGETED_DEVICE_FAMILY = "1,2";
			};
			name = Debug;
		};
		28C5674A219C47820015E3C4 /* Release */ = {
			isa = XCBuildConfiguration;
			baseConfigurationReference = AD35F3D31C99E4A9171281D0 /* Pods-ConstraintMultiplier.release.xcconfig */;
			buildSettings = {
				ASSETCATALOG_COMPILER_APPICON_NAME = AppIcon;
				CODE_SIGN_IDENTITY = "iPhone Distribution";
				CODE_SIGN_STYLE = Manual;
				DEVELOPMENT_TEAM = GWX9XCPYYK;
				INFOPLIST_FILE = ConstraintMultiplier/Info.plist;
				IPHONEOS_DEPLOYMENT_TARGET = 10.0;
				LD_RUNPATH_SEARCH_PATHS = (
					"$(inherited)",
					"@executable_path/Frameworks",
				);
				PRODUCT_BUNDLE_IDENTIFIER = com.kcspl.poc;
				PRODUCT_NAME = "$(TARGET_NAME)";
				PROVISIONING_PROFILE_SPECIFIER = "CICDDemo-appstore";
				SWIFT_VERSION = 4.0;
				TARGETED_DEVICE_FAMILY = "1,2";
			};
			name = Release;
		};
/* End XCBuildConfiguration section */

/* Begin XCConfigurationList section */
		28C56731219C47710015E3C4 /* Build configuration list for PBXProject "ConstraintMultiplier" */ = {
			isa = XCConfigurationList;
			buildConfigurations = (
				28C56746219C47820015E3C4 /* Debug */,
				28C56747219C47820015E3C4 /* Release */,
			);
			defaultConfigurationIsVisible = 0;
			defaultConfigurationName = Release;
		};
		28C56748219C47820015E3C4 /* Build configuration list for PBXNativeTarget "ConstraintMultiplier" */ = {
			isa = XCConfigurationList;
			buildConfigurations = (
				28C56749219C47820015E3C4 /* Debug */,
				28C5674A219C47820015E3C4 /* Release */,
			);
			defaultConfigurationIsVisible = 0;
			defaultConfigurationName = Release;
		};
/* End XCConfigurationList section */
	};
	rootObject = 28C5672E219C47710015E3C4 /* Project object */;
}
